
Microsoft Visual Studio Solution File, Format Version 12.00
# Visual Studio Version 17
VisualStudioVersion = 17.9.34723.18
MinimumVisualStudioVersion = 10.0.40219.1
Project("{FAE04EC0-301F-11D3-BF4B-00C04F79EFBC}") = "ST10263164-CLDV6211-POE", "ST10263164-CLDV6211-POE\ST10263164-CLDV6211-POE.csproj", "{342CEA0A-53B0-480C-A5C7-86AFA4F4E124}"
EndProject
Global
	GlobalSection(SolutionConfigurationPlatforms) = preSolution
		Debug|Any CPU = Debug|Any CPU
		Release|Any CPU = Release|Any CPU
	EndGlobalSection
	GlobalSection(ProjectConfigurationPlatforms) = postSolution
		{342CEA0A-53B0-480C-A5C7-86AFA4F4E124}.Debug|Any CPU.ActiveCfg = Debug|Any CPU
		{342CEA0A-53B0-480C-A5C7-86AFA4F4E124}.Debug|Any CPU.Build.0 = Debug|Any CPU
		{342CEA0A-53B0-480C-A5C7-86AFA4F4E124}.Release|Any CPU.ActiveCfg = Release|Any CPU
		{342CEA0A-53B0-480C-A5C7-86AFA4F4E124}.Release|Any CPU.Build.0 = Release|Any CPU
	EndGlobalSection
	GlobalSection(SolutionProperties) = preSolution
		HideSolutionNode = FALSE
	EndGlobalSection
	GlobalSection(ExtensibilityGlobals) = postSolution
		SolutionGuid = {1174209E-BFDF-47AC-9A34-A7F05631CBEE}
	EndGlobalSection
EndGlobal
